// !$*UTF8*$!
{
	archiveVersion = 1;
	classes = {
	};
	objectVersion = 51;
	objects = {

/* Begin PBXBuildFile section */
		9DD898C4BEC4C90F1D3266EF /* Pods_EventsTests.framework in Frameworks */ = {isa = PBXBuildFile; fileRef = 88DB74E57D72863C324C9287 /* Pods_EventsTests.framework */; };
		BE16288D238EADD700CB3E99 /* AppDelegate.swift in Sources */ = {isa = PBXBuildFile; fileRef = BE16288C238EADD700CB3E99 /* AppDelegate.swift */; };
		BE162891238EADD700CB3E99 /* EventsViewController.swift in Sources */ = {isa = PBXBuildFile; fileRef = BE162890238EADD700CB3E99 /* EventsViewController.swift */; };
		BE162894238EADD700CB3E99 /* Main.storyboard in Resources */ = {isa = PBXBuildFile; fileRef = BE162892238EADD700CB3E99 /* Main.storyboard */; };
		BE162896238EADD800CB3E99 /* Assets.xcassets in Resources */ = {isa = PBXBuildFile; fileRef = BE162895238EADD800CB3E99 /* Assets.xcassets */; };
		BE162899238EADD800CB3E99 /* LaunchScreen.storyboard in Resources */ = {isa = PBXBuildFile; fileRef = BE162897238EADD800CB3E99 /* LaunchScreen.storyboard */; };
		BE1628A4238EADD800CB3E99 /* FavoritesViewModelTests.swift in Sources */ = {isa = PBXBuildFile; fileRef = BE1628A3238EADD800CB3E99 /* FavoritesViewModelTests.swift */; };
		BE1628AF238EAEE000CB3E99 /* FavoritesViewController.swift in Sources */ = {isa = PBXBuildFile; fileRef = BE1628AE238EAEE000CB3E99 /* FavoritesViewController.swift */; };
		BE1628B8238EDCF300CB3E99 /* EventsViewModel.swift in Sources */ = {isa = PBXBuildFile; fileRef = BE1628B7238EDCF300CB3E99 /* EventsViewModel.swift */; };
		BE1628BA238EDD0200CB3E99 /* FavoritesViewModel.swift in Sources */ = {isa = PBXBuildFile; fileRef = BE1628B9238EDD0200CB3E99 /* FavoritesViewModel.swift */; };
		BE1628BE238EDFC600CB3E99 /* NetworkProvider.swift in Sources */ = {isa = PBXBuildFile; fileRef = BE1628BD238EDFC600CB3E99 /* NetworkProvider.swift */; };
		BE1628C0238EEEB500CB3E99 /* API.swift in Sources */ = {isa = PBXBuildFile; fileRef = BE1628BF238EEEB500CB3E99 /* API.swift */; };
		BE1628C3238EEF1700CB3E99 /* DateFormatter+Extensions.swift in Sources */ = {isa = PBXBuildFile; fileRef = BE1628C2238EEF1700CB3E99 /* DateFormatter+Extensions.swift */; };
		BE1628C5238EEF4600CB3E99 /* NetworkError.swift in Sources */ = {isa = PBXBuildFile; fileRef = BE1628C4238EEF4600CB3E99 /* NetworkError.swift */; };
		BE1628C7238EEF6000CB3E99 /* Scheduler.swift in Sources */ = {isa = PBXBuildFile; fileRef = BE1628C6238EEF6000CB3E99 /* Scheduler.swift */; };
		BE1628CA238EF12800CB3E99 /* EventService.swift in Sources */ = {isa = PBXBuildFile; fileRef = BE1628C9238EF12800CB3E99 /* EventService.swift */; };
		BE1628CC238EFA2F00CB3E99 /* OpenURLHelper.swift in Sources */ = {isa = PBXBuildFile; fileRef = BE1628CB238EFA2F00CB3E99 /* OpenURLHelper.swift */; };
		BE1628CF2390215800CB3E99 /* Events.swift in Sources */ = {isa = PBXBuildFile; fileRef = BE1628CE2390215800CB3E99 /* Events.swift */; };
		BE1628D2239063A400CB3E99 /* LocalStorage.swift in Sources */ = {isa = PBXBuildFile; fileRef = BE1628D1239063A400CB3E99 /* LocalStorage.swift */; };
		BE1628D7239153AB00CB3E99 /* EventTableViewCell.swift in Sources */ = {isa = PBXBuildFile; fileRef = BE1628D6239153AB00CB3E99 /* EventTableViewCell.swift */; };
		BE1628D9239171AE00CB3E99 /* ServiceContainer.swift in Sources */ = {isa = PBXBuildFile; fileRef = BE1628D8239171AE00CB3E99 /* ServiceContainer.swift */; };
		BE1628DB23917C7000CB3E99 /* EventTableViewCell.xib in Resources */ = {isa = PBXBuildFile; fileRef = BE1628DA23917C7000CB3E99 /* EventTableViewCell.xib */; };
		BE1628E323919FF200CB3E99 /* Assets.swift in Sources */ = {isa = PBXBuildFile; fileRef = BE1628E223919FF200CB3E99 /* Assets.swift */; };
		BE1628E52391A2D700CB3E99 /* UIButton+Extensions.swift in Sources */ = {isa = PBXBuildFile; fileRef = BE1628E42391A2D700CB3E99 /* UIButton+Extensions.swift */; };
		BE1628E72391A2F900CB3E99 /* UIColor+Extensions.swift in Sources */ = {isa = PBXBuildFile; fileRef = BE1628E62391A2F900CB3E99 /* UIColor+Extensions.swift */; };
		BE1628E92391C14400CB3E99 /* EventsViewModelTests.swift in Sources */ = {isa = PBXBuildFile; fileRef = BE1628E82391C14400CB3E99 /* EventsViewModelTests.swift */; };
		BE1628ED2391C92400CB3E99 /* Item.swift in Sources */ = {isa = PBXBuildFile; fileRef = BE1628EA2391C82600CB3E99 /* Item.swift */; };
		E3B1E672BBFBEE57DAA56C5D /* Pods_Events.framework in Frameworks */ = {isa = PBXBuildFile; fileRef = B0C9C3F10A86007F8D377B36 /* Pods_Events.framework */; };
/* End PBXBuildFile section */

/* Begin PBXContainerItemProxy section */
		BE1628A0238EADD800CB3E99 /* PBXContainerItemProxy */ = {
			isa = PBXContainerItemProxy;
			containerPortal = BE162881238EADD700CB3E99 /* Project object */;
			proxyType = 1;
			remoteGlobalIDString = BE162888238EADD700CB3E99;
			remoteInfo = Events;
		};
/* End PBXContainerItemProxy section */

/* Begin PBXFileReference section */
		4CE43E81F552578BA912D97A /* Pods-Events.release.xcconfig */ = {isa = PBXFileReference; includeInIndex = 1; lastKnownFileType = text.xcconfig; name = "Pods-Events.release.xcconfig"; path = "Target Support Files/Pods-Events/Pods-Events.release.xcconfig"; sourceTree = "<group>"; };
		661D35550E6FDD44F4BB6CA8 /* Pods-EventsTests.debug.xcconfig */ = {isa = PBXFileReference; includeInIndex = 1; lastKnownFileType = text.xcconfig; name = "Pods-EventsTests.debug.xcconfig"; path = "Target Support Files/Pods-EventsTests/Pods-EventsTests.debug.xcconfig"; sourceTree = "<group>"; };
		88DB74E57D72863C324C9287 /* Pods_EventsTests.framework */ = {isa = PBXFileReference; explicitFileType = wrapper.framework; includeInIndex = 0; path = Pods_EventsTests.framework; sourceTree = BUILT_PRODUCTS_DIR; };
		926BEA45BCAFFF037937D100 /* Pods-Events.debug.xcconfig */ = {isa = PBXFileReference; includeInIndex = 1; lastKnownFileType = text.xcconfig; name = "Pods-Events.debug.xcconfig"; path = "Target Support Files/Pods-Events/Pods-Events.debug.xcconfig"; sourceTree = "<group>"; };
		B0C9C3F10A86007F8D377B36 /* Pods_Events.framework */ = {isa = PBXFileReference; explicitFileType = wrapper.framework; includeInIndex = 0; path = Pods_Events.framework; sourceTree = BUILT_PRODUCTS_DIR; };
		BE162889238EADD700CB3E99 /* Events.app */ = {isa = PBXFileReference; explicitFileType = wrapper.application; includeInIndex = 0; path = Events.app; sourceTree = BUILT_PRODUCTS_DIR; };
		BE16288C238EADD700CB3E99 /* AppDelegate.swift */ = {isa = PBXFileReference; lastKnownFileType = sourcecode.swift; path = AppDelegate.swift; sourceTree = "<group>"; };
		BE162890238EADD700CB3E99 /* EventsViewController.swift */ = {isa = PBXFileReference; lastKnownFileType = sourcecode.swift; path = EventsViewController.swift; sourceTree = "<group>"; };
		BE162893238EADD700CB3E99 /* Base */ = {isa = PBXFileReference; lastKnownFileType = file.storyboard; name = Base; path = Base.lproj/Main.storyboard; sourceTree = "<group>"; };
		BE162895238EADD800CB3E99 /* Assets.xcassets */ = {isa = PBXFileReference; lastKnownFileType = folder.assetcatalog; path = Assets.xcassets; sourceTree = "<group>"; };
		BE162898238EADD800CB3E99 /* Base */ = {isa = PBXFileReference; lastKnownFileType = file.storyboard; name = Base; path = Base.lproj/LaunchScreen.storyboard; sourceTree = "<group>"; };
		BE16289A238EADD800CB3E99 /* Info.plist */ = {isa = PBXFileReference; lastKnownFileType = text.plist.xml; path = Info.plist; sourceTree = "<group>"; };
		BE16289F238EADD800CB3E99 /* EventsTests.xctest */ = {isa = PBXFileReference; explicitFileType = wrapper.cfbundle; includeInIndex = 0; path = EventsTests.xctest; sourceTree = BUILT_PRODUCTS_DIR; };
		BE1628A3238EADD800CB3E99 /* FavoritesViewModelTests.swift */ = {isa = PBXFileReference; lastKnownFileType = sourcecode.swift; path = FavoritesViewModelTests.swift; sourceTree = "<group>"; };
		BE1628A5238EADD800CB3E99 /* Info.plist */ = {isa = PBXFileReference; lastKnownFileType = text.plist.xml; path = Info.plist; sourceTree = "<group>"; };
		BE1628AE238EAEE000CB3E99 /* FavoritesViewController.swift */ = {isa = PBXFileReference; lastKnownFileType = sourcecode.swift; name = FavoritesViewController.swift; path = Source/Scenes/Favorites/FavoritesViewController.swift; sourceTree = SOURCE_ROOT; };
		BE1628B7238EDCF300CB3E99 /* EventsViewModel.swift */ = {isa = PBXFileReference; lastKnownFileType = sourcecode.swift; path = EventsViewModel.swift; sourceTree = "<group>"; };
		BE1628B9238EDD0200CB3E99 /* FavoritesViewModel.swift */ = {isa = PBXFileReference; lastKnownFileType = sourcecode.swift; path = FavoritesViewModel.swift; sourceTree = "<group>"; };
		BE1628BD238EDFC600CB3E99 /* NetworkProvider.swift */ = {isa = PBXFileReference; lastKnownFileType = sourcecode.swift; path = NetworkProvider.swift; sourceTree = "<group>"; };
		BE1628BF238EEEB500CB3E99 /* API.swift */ = {isa = PBXFileReference; lastKnownFileType = sourcecode.swift; path = API.swift; sourceTree = "<group>"; };
		BE1628C2238EEF1700CB3E99 /* DateFormatter+Extensions.swift */ = {isa = PBXFileReference; lastKnownFileType = sourcecode.swift; path = "DateFormatter+Extensions.swift"; sourceTree = "<group>"; };
		BE1628C4238EEF4600CB3E99 /* NetworkError.swift */ = {isa = PBXFileReference; lastKnownFileType = sourcecode.swift; path = NetworkError.swift; sourceTree = "<group>"; };
		BE1628C6238EEF6000CB3E99 /* Scheduler.swift */ = {isa = PBXFileReference; lastKnownFileType = sourcecode.swift; path = Scheduler.swift; sourceTree = "<group>"; };
		BE1628C9238EF12800CB3E99 /* EventService.swift */ = {isa = PBXFileReference; lastKnownFileType = sourcecode.swift; path = EventService.swift; sourceTree = "<group>"; };
		BE1628CB238EFA2F00CB3E99 /* OpenURLHelper.swift */ = {isa = PBXFileReference; lastKnownFileType = sourcecode.swift; path = OpenURLHelper.swift; sourceTree = "<group>"; };
		BE1628CE2390215800CB3E99 /* Events.swift */ = {isa = PBXFileReference; lastKnownFileType = sourcecode.swift; path = Events.swift; sourceTree = "<group>"; };
		BE1628D1239063A400CB3E99 /* LocalStorage.swift */ = {isa = PBXFileReference; lastKnownFileType = sourcecode.swift; path = LocalStorage.swift; sourceTree = "<group>"; };
		BE1628D6239153AB00CB3E99 /* EventTableViewCell.swift */ = {isa = PBXFileReference; lastKnownFileType = sourcecode.swift; path = EventTableViewCell.swift; sourceTree = "<group>"; };
		BE1628D8239171AE00CB3E99 /* ServiceContainer.swift */ = {isa = PBXFileReference; lastKnownFileType = sourcecode.swift; path = ServiceContainer.swift; sourceTree = "<group>"; };
		BE1628DA23917C7000CB3E99 /* EventTableViewCell.xib */ = {isa = PBXFileReference; lastKnownFileType = file.xib; path = EventTableViewCell.xib; sourceTree = "<group>"; };
		BE1628E223919FF200CB3E99 /* Assets.swift */ = {isa = PBXFileReference; lastKnownFileType = sourcecode.swift; path = Assets.swift; sourceTree = "<group>"; };
		BE1628E42391A2D700CB3E99 /* UIButton+Extensions.swift */ = {isa = PBXFileReference; lastKnownFileType = sourcecode.swift; path = "UIButton+Extensions.swift"; sourceTree = "<group>"; };
		BE1628E62391A2F900CB3E99 /* UIColor+Extensions.swift */ = {isa = PBXFileReference; lastKnownFileType = sourcecode.swift; path = "UIColor+Extensions.swift"; sourceTree = "<group>"; };
		BE1628E82391C14400CB3E99 /* EventsViewModelTests.swift */ = {isa = PBXFileReference; lastKnownFileType = sourcecode.swift; path = EventsViewModelTests.swift; sourceTree = "<group>"; };
		BE1628EA2391C82600CB3E99 /* Item.swift */ = {isa = PBXFileReference; lastKnownFileType = sourcecode.swift; path = Item.swift; sourceTree = "<group>"; };
		FF0FBA7EA6D8CF0343BC36AC /* Pods-EventsTests.release.xcconfig */ = {isa = PBXFileReference; includeInIndex = 1; lastKnownFileType = text.xcconfig; name = "Pods-EventsTests.release.xcconfig"; path = "Target Support Files/Pods-EventsTests/Pods-EventsTests.release.xcconfig"; sourceTree = "<group>"; };
/* End PBXFileReference section */

/* Begin PBXFrameworksBuildPhase section */
		BE162886238EADD700CB3E99 /* Frameworks */ = {
			isa = PBXFrameworksBuildPhase;
			buildActionMask = 2147483647;
			files = (
				E3B1E672BBFBEE57DAA56C5D /* Pods_Events.framework in Frameworks */,
			);
			runOnlyForDeploymentPostprocessing = 0;
		};
		BE16289C238EADD800CB3E99 /* Frameworks */ = {
			isa = PBXFrameworksBuildPhase;
			buildActionMask = 2147483647;
			files = (
				9DD898C4BEC4C90F1D3266EF /* Pods_EventsTests.framework in Frameworks */,
			);
			runOnlyForDeploymentPostprocessing = 0;
		};
/* End PBXFrameworksBuildPhase section */

/* Begin PBXGroup section */
		06173C8F3E840441E4A94192 /* Frameworks */ = {
			isa = PBXGroup;
			children = (
				B0C9C3F10A86007F8D377B36 /* Pods_Events.framework */,
				88DB74E57D72863C324C9287 /* Pods_EventsTests.framework */,
			);
			name = Frameworks;
			sourceTree = "<group>";
		};
		38803650DC9D7CC6E369F1FB /* Pods */ = {
			isa = PBXGroup;
			children = (
				926BEA45BCAFFF037937D100 /* Pods-Events.debug.xcconfig */,
				4CE43E81F552578BA912D97A /* Pods-Events.release.xcconfig */,
				661D35550E6FDD44F4BB6CA8 /* Pods-EventsTests.debug.xcconfig */,
				FF0FBA7EA6D8CF0343BC36AC /* Pods-EventsTests.release.xcconfig */,
			);
			path = Pods;
			sourceTree = "<group>";
		};
		BE162880238EADD700CB3E99 = {
			isa = PBXGroup;
			children = (
				BE1628B4238EC3E400CB3E99 /* Source */,
				BE1628B3238EC3D400CB3E99 /* Resources */,
				BE16288B238EADD700CB3E99 /* Events */,
				BE1628A2238EADD800CB3E99 /* EventsTests */,
				BE16288A238EADD700CB3E99 /* Products */,
				38803650DC9D7CC6E369F1FB /* Pods */,
				06173C8F3E840441E4A94192 /* Frameworks */,
			);
			sourceTree = "<group>";
		};
		BE16288A238EADD700CB3E99 /* Products */ = {
			isa = PBXGroup;
			children = (
				BE162889238EADD700CB3E99 /* Events.app */,
				BE16289F238EADD800CB3E99 /* EventsTests.xctest */,
			);
			name = Products;
			sourceTree = "<group>";
		};
		BE16288B238EADD700CB3E99 /* Events */ = {
			isa = PBXGroup;
			children = (
				BE16288C238EADD700CB3E99 /* AppDelegate.swift */,
				BE162892238EADD700CB3E99 /* Main.storyboard */,
				BE162897238EADD800CB3E99 /* LaunchScreen.storyboard */,
				BE16289A238EADD800CB3E99 /* Info.plist */,
			);
			path = Events;
			sourceTree = "<group>";
		};
		BE1628A2238EADD800CB3E99 /* EventsTests */ = {
			isa = PBXGroup;
			children = (
				BE1628E82391C14400CB3E99 /* EventsViewModelTests.swift */,
				BE1628A3238EADD800CB3E99 /* FavoritesViewModelTests.swift */,
				BE1628A5238EADD800CB3E99 /* Info.plist */,
			);
			path = EventsTests;
			sourceTree = "<group>";
		};
		BE1628B3238EC3D400CB3E99 /* Resources */ = {
			isa = PBXGroup;
			children = (
				BE1628E123919FE800CB3E99 /* Assets */,
			);
			path = Resources;
			sourceTree = "<group>";
		};
		BE1628B4238EC3E400CB3E99 /* Source */ = {
			isa = PBXGroup;
			children = (
				BE1628D02390546B00CB3E99 /* Network */,
				BE1628CD2390214B00CB3E99 /* Models */,
				BE1628C1238EEEF500CB3E99 /* Extensions */,
				BE1628B6238EC43400CB3E99 /* Services */,
				BE1628B5238EC42A00CB3E99 /* Scenes */,
			);
			path = Source;
			sourceTree = "<group>";
		};
		BE1628B5238EC42A00CB3E99 /* Scenes */ = {
			isa = PBXGroup;
			children = (
				BE1628D32391531D00CB3E99 /* Cells */,
				BE1628BC238EDD1000CB3E99 /* Events */,
				BE1628BB238EDD0600CB3E99 /* Favorites */,
			);
			path = Scenes;
			sourceTree = "<group>";
		};
		BE1628B6238EC43400CB3E99 /* Services */ = {
			isa = PBXGroup;
			children = (
				BE1628CB238EFA2F00CB3E99 /* OpenURLHelper.swift */,
				BE1628D8239171AE00CB3E99 /* ServiceContainer.swift */,
				BE1628D1239063A400CB3E99 /* LocalStorage.swift */,
				BE1628C9238EF12800CB3E99 /* EventService.swift */,
				BE1628C8238EF02100CB3E99 /* Utils */,
			);
			path = Services;
			sourceTree = "<group>";
		};
		BE1628BB238EDD0600CB3E99 /* Favorites */ = {
			isa = PBXGroup;
			children = (
				BE1628AE238EAEE000CB3E99 /* FavoritesViewController.swift */,
				BE1628B9238EDD0200CB3E99 /* FavoritesViewModel.swift */,
			);
			path = Favorites;
			sourceTree = "<group>";
		};
		BE1628BC238EDD1000CB3E99 /* Events */ = {
			isa = PBXGroup;
			children = (
				BE162890238EADD700CB3E99 /* EventsViewController.swift */,
				BE1628B7238EDCF300CB3E99 /* EventsViewModel.swift */,
			);
			path = Events;
			sourceTree = "<group>";
		};
		BE1628C1238EEEF500CB3E99 /* Extensions */ = {
			isa = PBXGroup;
			children = (
				BE1628C2238EEF1700CB3E99 /* DateFormatter+Extensions.swift */,
				BE1628E42391A2D700CB3E99 /* UIButton+Extensions.swift */,
				BE1628E62391A2F900CB3E99 /* UIColor+Extensions.swift */,
			);
			path = Extensions;
			sourceTree = "<group>";
		};
		BE1628C8238EF02100CB3E99 /* Utils */ = {
			isa = PBXGroup;
			children = (
				BE1628C6238EEF6000CB3E99 /* Scheduler.swift */,
				BE1628C4238EEF4600CB3E99 /* NetworkError.swift */,
			);
			path = Utils;
			sourceTree = "<group>";
		};
		BE1628CD2390214B00CB3E99 /* Models */ = {
			isa = PBXGroup;
			children = (
				BE1628CE2390215800CB3E99 /* Events.swift */,
				BE1628EA2391C82600CB3E99 /* Item.swift */,
			);
			path = Models;
			sourceTree = "<group>";
		};
		BE1628D02390546B00CB3E99 /* Network */ = {
			isa = PBXGroup;
			children = (
				BE1628BF238EEEB500CB3E99 /* API.swift */,
				BE1628BD238EDFC600CB3E99 /* NetworkProvider.swift */,
			);
			path = Network;
			sourceTree = "<group>";
		};
		BE1628D32391531D00CB3E99 /* Cells */ = {
			isa = PBXGroup;
			children = (
				BE1628D6239153AB00CB3E99 /* EventTableViewCell.swift */,
				BE1628DA23917C7000CB3E99 /* EventTableViewCell.xib */,
			);
			path = Cells;
			sourceTree = "<group>";
		};
		BE1628E123919FE800CB3E99 /* Assets */ = {
			isa = PBXGroup;
			children = (
				BE162895238EADD800CB3E99 /* Assets.xcassets */,
				BE1628E223919FF200CB3E99 /* Assets.swift */,
			);
			path = Assets;
			sourceTree = "<group>";
		};
/* End PBXGroup section */

/* Begin PBXNativeTarget section */
		BE162888238EADD700CB3E99 /* Events */ = {
			isa = PBXNativeTarget;
			buildConfigurationList = BE1628A8238EADD800CB3E99 /* Build configuration list for PBXNativeTarget "Events" */;
			buildPhases = (
				18F92B63B926E45ECE0DCF5B /* [CP] Check Pods Manifest.lock */,
				BE162885238EADD700CB3E99 /* Sources */,
				BE162886238EADD700CB3E99 /* Frameworks */,
				BE162887238EADD700CB3E99 /* Resources */,
				58D1D126407016AE27BC31DE /* [CP] Embed Pods Frameworks */,
			);
			buildRules = (
			);
			dependencies = (
			);
			name = Events;
			productName = Events;
			productReference = BE162889238EADD700CB3E99 /* Events.app */;
			productType = "com.apple.product-type.application";
		};
		BE16289E238EADD800CB3E99 /* EventsTests */ = {
			isa = PBXNativeTarget;
			buildConfigurationList = BE1628AB238EADD800CB3E99 /* Build configuration list for PBXNativeTarget "EventsTests" */;
			buildPhases = (
				F62BFE9F6EF3D5EEBDDDB75D /* [CP] Check Pods Manifest.lock */,
				BE16289B238EADD800CB3E99 /* Sources */,
				BE16289C238EADD800CB3E99 /* Frameworks */,
				BE16289D238EADD800CB3E99 /* Resources */,
				D7A72D2EF3D41EB80CA6660C /* [CP] Embed Pods Frameworks */,
			);
			buildRules = (
			);
			dependencies = (
				BE1628A1238EADD800CB3E99 /* PBXTargetDependency */,
			);
			name = EventsTests;
			productName = EventsTests;
			productReference = BE16289F238EADD800CB3E99 /* EventsTests.xctest */;
			productType = "com.apple.product-type.bundle.unit-test";
		};
/* End PBXNativeTarget section */

/* Begin PBXProject section */
		BE162881238EADD700CB3E99 /* Project object */ = {
			isa = PBXProject;
			attributes = {
				LastSwiftUpdateCheck = 1100;
				LastUpgradeCheck = 1100;
				ORGANIZATIONNAME = "Denis Efimov";
				TargetAttributes = {
					BE162888238EADD700CB3E99 = {
						CreatedOnToolsVersion = 11.0;
					};
					BE16289E238EADD800CB3E99 = {
						CreatedOnToolsVersion = 11.0;
						TestTargetID = BE162888238EADD700CB3E99;
					};
				};
			};
			buildConfigurationList = BE162884238EADD700CB3E99 /* Build configuration list for PBXProject "Events" */;
			compatibilityVersion = "Xcode 9.3";
			developmentRegion = en;
			hasScannedForEncodings = 0;
			knownRegions = (
				en,
				Base,
			);
			mainGroup = BE162880238EADD700CB3E99;
			productRefGroup = BE16288A238EADD700CB3E99 /* Products */;
			projectDirPath = "";
			projectRoot = "";
			targets = (
				BE162888238EADD700CB3E99 /* Events */,
				BE16289E238EADD800CB3E99 /* EventsTests */,
			);
		};
/* End PBXProject section */

/* Begin PBXResourcesBuildPhase section */
		BE162887238EADD700CB3E99 /* Resources */ = {
			isa = PBXResourcesBuildPhase;
			buildActionMask = 2147483647;
			files = (
				BE1628DB23917C7000CB3E99 /* EventTableViewCell.xib in Resources */,
				BE162899238EADD800CB3E99 /* LaunchScreen.storyboard in Resources */,
				BE162896238EADD800CB3E99 /* Assets.xcassets in Resources */,
				BE162894238EADD700CB3E99 /* Main.storyboard in Resources */,
			);
			runOnlyForDeploymentPostprocessing = 0;
		};
		BE16289D238EADD800CB3E99 /* Resources */ = {
			isa = PBXResourcesBuildPhase;
			buildActionMask = 2147483647;
			files = (
			);
			runOnlyForDeploymentPostprocessing = 0;
		};
/* End PBXResourcesBuildPhase section */

/* Begin PBXShellScriptBuildPhase section */
		18F92B63B926E45ECE0DCF5B /* [CP] Check Pods Manifest.lock */ = {
			isa = PBXShellScriptBuildPhase;
			buildActionMask = 2147483647;
			files = (
			);
			inputFileListPaths = (
			);
			inputPaths = (
				"${SRCROOT}/Podfile.lock",
				"${SRCROOT}/Manifest.lock",
			);
			name = "[CP] Check Pods Manifest.lock";
			outputFileListPaths = (
			);
			outputPaths = (
				"$(DERIVED_FILE_DIR)/Pods-Events-checkManifestLockResult.txt",
			);
			runOnlyForDeploymentPostprocessing = 0;
			shellPath = /bin/sh;
			shellScript = "diff \"${SRCROOT}/Podfile.lock\" \"${SRCROOT}/Manifest.lock\" > /dev/null\nif [ $? != 0 ] ; then\n    # print error to STDERR\n    echo \"error: The sandbox is not in sync with the Podfile.lock. Run 'pod install' or update your CocoaPods installation.\" >&2\n    exit 1\nfi\n# This output is used by Xcode 'outputs' to avoid re-running this script phase.\necho \"SUCCESS\" > \"${SCRIPT_OUTPUT_FILE_0}\"\n";
			showEnvVarsInLog = 0;
		};
		58D1D126407016AE27BC31DE /* [CP] Embed Pods Frameworks */ = {
			isa = PBXShellScriptBuildPhase;
			buildActionMask = 2147483647;
			files = (
			);
			inputFileListPaths = (
				"${PODS_ROOT}/Target Support Files/Pods-Events/Pods-Events-frameworks-${CONFIGURATION}-input-files.xcfilelist",
			);
			name = "[CP] Embed Pods Frameworks";
			outputFileListPaths = (
				"${PODS_ROOT}/Target Support Files/Pods-Events/Pods-Events-frameworks-${CONFIGURATION}-output-files.xcfilelist",
			);
			runOnlyForDeploymentPostprocessing = 0;
			shellPath = /bin/sh;
			shellScript = "\"${PODS_ROOT}/Target Support Files/Pods-Events/Pods-Events-frameworks.sh\"\n";
			showEnvVarsInLog = 0;
		};
		D7A72D2EF3D41EB80CA6660C /* [CP] Embed Pods Frameworks */ = {
			isa = PBXShellScriptBuildPhase;
			buildActionMask = 2147483647;
			files = (
			);
			inputFileListPaths = (
				"${PODS_ROOT}/Target Support Files/Pods-EventsTests/Pods-EventsTests-frameworks-${CONFIGURATION}-input-files.xcfilelist",
			);
			name = "[CP] Embed Pods Frameworks";
			outputFileListPaths = (
				"${PODS_ROOT}/Target Support Files/Pods-EventsTests/Pods-EventsTests-frameworks-${CONFIGURATION}-output-files.xcfilelist",
			);
			runOnlyForDeploymentPostprocessing = 0;
			shellPath = /bin/sh;
			shellScript = "\"${PODS_ROOT}/Target Support Files/Pods-EventsTests/Pods-EventsTests-frameworks.sh\"\n";
			showEnvVarsInLog = 0;
		};
		F62BFE9F6EF3D5EEBDDDB75D /* [CP] Check Pods Manifest.lock */ = {
			isa = PBXShellScriptBuildPhase;
			buildActionMask = 2147483647;
			files = (
			);
			inputFileListPaths = (
			);
			inputPaths = (
				"${SRCROOT}/Podfile.lock",
				"${SRCROOT}/Manifest.lock",
			);
			name = "[CP] Check Pods Manifest.lock";
			outputFileListPaths = (
			);
			outputPaths = (
				"$(DERIVED_FILE_DIR)/Pods-EventsTests-checkManifestLockResult.txt",
			);
			runOnlyForDeploymentPostprocessing = 0;
			shellPath = /bin/sh;
			shellScript = "diff \"${SRCROOT}/Podfile.lock\" \"${SRCROOT}/Manifest.lock\" > /dev/null\nif [ $? != 0 ] ; then\n    # print error to STDERR\n    echo \"error: The sandbox is not in sync with the Podfile.lock. Run 'pod install' or update your CocoaPods installation.\" >&2\n    exit 1\nfi\n# This output is used by Xcode 'outputs' to avoid re-running this script phase.\necho \"SUCCESS\" > \"${SCRIPT_OUTPUT_FILE_0}\"\n";
			showEnvVarsInLog = 0;
		};
/* End PBXShellScriptBuildPhase section */

/* Begin PBXSourcesBuildPhase section */
		BE162885238EADD700CB3E99 /* Sources */ = {
			isa = PBXSourcesBuildPhase;
			buildActionMask = 2147483647;
			files = (
				BE1628ED2391C92400CB3E99 /* Item.swift in Sources */,
				BE1628CF2390215800CB3E99 /* Events.swift in Sources */,
				BE1628D2239063A400CB3E99 /* LocalStorage.swift in Sources */,
				BE1628BA238EDD0200CB3E99 /* FavoritesViewModel.swift in Sources */,
				BE1628D7239153AB00CB3E99 /* EventTableViewCell.swift in Sources */,
				BE1628D9239171AE00CB3E99 /* ServiceContainer.swift in Sources */,
				BE162891238EADD700CB3E99 /* EventsViewController.swift in Sources */,
				BE1628E323919FF200CB3E99 /* Assets.swift in Sources */,
				BE1628B8238EDCF300CB3E99 /* EventsViewModel.swift in Sources */,
				BE1628C7238EEF6000CB3E99 /* Scheduler.swift in Sources */,
				BE1628AF238EAEE000CB3E99 /* FavoritesViewController.swift in Sources */,
				BE1628E72391A2F900CB3E99 /* UIColor+Extensions.swift in Sources */,
				BE1628CC238EFA2F00CB3E99 /* OpenURLHelper.swift in Sources */,
				BE16288D238EADD700CB3E99 /* AppDelegate.swift in Sources */,
				BE1628CA238EF12800CB3E99 /* EventService.swift in Sources */,
				BE1628E52391A2D700CB3E99 /* UIButton+Extensions.swift in Sources */,
				BE1628BE238EDFC600CB3E99 /* NetworkProvider.swift in Sources */,
				BE1628C5238EEF4600CB3E99 /* NetworkError.swift in Sources */,
				BE1628C3238EEF1700CB3E99 /* DateFormatter+Extensions.swift in Sources */,
				BE1628C0238EEEB500CB3E99 /* API.swift in Sources */,
			);
			runOnlyForDeploymentPostprocessing = 0;
		};
		BE16289B238EADD800CB3E99 /* Sources */ = {
			isa = PBXSourcesBuildPhase;
			buildActionMask = 2147483647;
			files = (
				BE1628A4238EADD800CB3E99 /* FavoritesViewModelTests.swift in Sources */,
				BE1628E92391C14400CB3E99 /* EventsViewModelTests.swift in Sources */,
			);
			runOnlyForDeploymentPostprocessing = 0;
		};
/* End PBXSourcesBuildPhase section */

/* Begin PBXTargetDependency section */
		BE1628A1238EADD800CB3E99 /* PBXTargetDependency */ = {
			isa = PBXTargetDependency;
			target = BE162888238EADD700CB3E99 /* Events */;
			targetProxy = BE1628A0238EADD800CB3E99 /* PBXContainerItemProxy */;
		};
/* End PBXTargetDependency section */

/* Begin PBXVariantGroup section */
		BE162892238EADD700CB3E99 /* Main.storyboard */ = {
			isa = PBXVariantGroup;
			children = (
				BE162893238EADD700CB3E99 /* Base */,
			);
			name = Main.storyboard;
			sourceTree = "<group>";
		};
		BE162897238EADD800CB3E99 /* LaunchScreen.storyboard */ = {
			isa = PBXVariantGroup;
			children = (
				BE162898238EADD800CB3E99 /* Base */,
			);
			name = LaunchScreen.storyboard;
			sourceTree = "<group>";
		};
/* End PBXVariantGroup section */

/* Begin XCBuildConfiguration section */
		BE1628A6238EADD800CB3E99 /* Debug */ = {
			isa = XCBuildConfiguration;
			buildSettings = {
				ALWAYS_SEARCH_USER_PATHS = NO;
				CLANG_ANALYZER_NONNULL = YES;
				CLANG_ANALYZER_NUMBER_OBJECT_CONVERSION = YES_AGGRESSIVE;
				CLANG_CXX_LANGUAGE_STANDARD = "gnu++14";
				CLANG_CXX_LIBRARY = "libc++";
				CLANG_ENABLE_MODULES = YES;
				CLANG_ENABLE_OBJC_ARC = YES;
				CLANG_ENABLE_OBJC_WEAK = YES;
				CLANG_WARN_BLOCK_CAPTURE_AUTORELEASING = YES;
				CLANG_WARN_BOOL_CONVERSION = YES;
				CLANG_WARN_COMMA = YES;
				CLANG_WARN_CONSTANT_CONVERSION = YES;
				CLANG_WARN_DEPRECATED_OBJC_IMPLEMENTATIONS = YES;
				CLANG_WARN_DIRECT_OBJC_ISA_USAGE = YES_ERROR;
				CLANG_WARN_DOCUMENTATION_COMMENTS = YES;
				CLANG_WARN_EMPTY_BODY = YES;
				CLANG_WARN_ENUM_CONVERSION = YES;
				CLANG_WARN_INFINITE_RECURSION = YES;
				CLANG_WARN_INT_CONVERSION = YES;
				CLANG_WARN_NON_LITERAL_NULL_CONVERSION = YES;
				CLANG_WARN_OBJC_IMPLICIT_RETAIN_SELF = YES;
				CLANG_WARN_OBJC_LITERAL_CONVERSION = YES;
				CLANG_WARN_OBJC_ROOT_CLASS = YES_ERROR;
				CLANG_WARN_RANGE_LOOP_ANALYSIS = YES;
				CLANG_WARN_STRICT_PROTOTYPES = YES;
				CLANG_WARN_SUSPICIOUS_MOVE = YES;
				CLANG_WARN_UNGUARDED_AVAILABILITY = YES_AGGRESSIVE;
				CLANG_WARN_UNREACHABLE_CODE = YES;
				CLANG_WARN__DUPLICATE_METHOD_MATCH = YES;
				COPY_PHASE_STRIP = NO;
				DEBUG_INFORMATION_FORMAT = dwarf;
				ENABLE_STRICT_OBJC_MSGSEND = YES;
				ENABLE_TESTABILITY = YES;
				GCC_C_LANGUAGE_STANDARD = gnu11;
				GCC_DYNAMIC_NO_PIC = NO;
				GCC_NO_COMMON_BLOCKS = YES;
				GCC_OPTIMIZATION_LEVEL = 0;
				GCC_PREPROCESSOR_DEFINITIONS = (
					"DEBUG=1",
					"$(inherited)",
				);
				GCC_WARN_64_TO_32_BIT_CONVERSION = YES;
				GCC_WARN_ABOUT_RETURN_TYPE = YES_ERROR;
				GCC_WARN_UNDECLARED_SELECTOR = YES;
				GCC_WARN_UNINITIALIZED_AUTOS = YES_AGGRESSIVE;
				GCC_WARN_UNUSED_FUNCTION = YES;
				GCC_WARN_UNUSED_VARIABLE = YES;
				IPHONEOS_DEPLOYMENT_TARGET = 13.0;
				MTL_ENABLE_DEBUG_INFO = INCLUDE_SOURCE;
				MTL_FAST_MATH = YES;
				ONLY_ACTIVE_ARCH = YES;
				SDKROOT = iphoneos;
				SWIFT_ACTIVE_COMPILATION_CONDITIONS = DEBUG;
				SWIFT_OPTIMIZATION_LEVEL = "-Onone";
				SWIFT_VERSION = 5.0;
			};
			name = Debug;
		};
		BE1628A7238EADD800CB3E99 /* Release */ = {
			isa = XCBuildConfiguration;
			buildSettings = {
				ALWAYS_SEARCH_USER_PATHS = NO;
				CLANG_ANALYZER_NONNULL = YES;
				CLANG_ANALYZER_NUMBER_OBJECT_CONVERSION = YES_AGGRESSIVE;
				CLANG_CXX_LANGUAGE_STANDARD = "gnu++14";
				CLANG_CXX_LIBRARY = "libc++";
				CLANG_ENABLE_MODULES = YES;
				CLANG_ENABLE_OBJC_ARC = YES;
				CLANG_ENABLE_OBJC_WEAK = YES;
				CLANG_WARN_BLOCK_CAPTURE_AUTORELEASING = YES;
				CLANG_WARN_BOOL_CONVERSION = YES;
				CLANG_WARN_COMMA = YES;
				CLANG_WARN_CONSTANT_CONVERSION = YES;
				CLANG_WARN_DEPRECATED_OBJC_IMPLEMENTATIONS = YES;
				CLANG_WARN_DIRECT_OBJC_ISA_USAGE = YES_ERROR;
				CLANG_WARN_DOCUMENTATION_COMMENTS = YES;
				CLANG_WARN_EMPTY_BODY = YES;
				CLANG_WARN_ENUM_CONVERSION = YES;
				CLANG_WARN_INFINITE_RECURSION = YES;
				CLANG_WARN_INT_CONVERSION = YES;
				CLANG_WARN_NON_LITERAL_NULL_CONVERSION = YES;
				CLANG_WARN_OBJC_IMPLICIT_RETAIN_SELF = YES;
				CLANG_WARN_OBJC_LITERAL_CONVERSION = YES;
				CLANG_WARN_OBJC_ROOT_CLASS = YES_ERROR;
				CLANG_WARN_RANGE_LOOP_ANALYSIS = YES;
				CLANG_WARN_STRICT_PROTOTYPES = YES;
				CLANG_WARN_SUSPICIOUS_MOVE = YES;
				CLANG_WARN_UNGUARDED_AVAILABILITY = YES_AGGRESSIVE;
				CLANG_WARN_UNREACHABLE_CODE = YES;
				CLANG_WARN__DUPLICATE_METHOD_MATCH = YES;
				COPY_PHASE_STRIP = NO;
				DEBUG_INFORMATION_FORMAT = "dwarf-with-dsym";
				ENABLE_NS_ASSERTIONS = NO;
				ENABLE_STRICT_OBJC_MSGSEND = YES;
				GCC_C_LANGUAGE_STANDARD = gnu11;
				GCC_NO_COMMON_BLOCKS = YES;
				GCC_WARN_64_TO_32_BIT_CONVERSION = YES;
				GCC_WARN_ABOUT_RETURN_TYPE = YES_ERROR;
				GCC_WARN_UNDECLARED_SELECTOR = YES;
				GCC_WARN_UNINITIALIZED_AUTOS = YES_AGGRESSIVE;
				GCC_WARN_UNUSED_FUNCTION = YES;
				GCC_WARN_UNUSED_VARIABLE = YES;
				IPHONEOS_DEPLOYMENT_TARGET = 13.0;
				MTL_ENABLE_DEBUG_INFO = NO;
				MTL_FAST_MATH = YES;
				SDKROOT = iphoneos;
				SWIFT_COMPILATION_MODE = wholemodule;
				SWIFT_OPTIMIZATION_LEVEL = "-O";
				SWIFT_VERSION = 5.0;
				VALIDATE_PRODUCT = YES;
			};
			name = Release;
		};
		BE1628A9238EADD800CB3E99 /* Debug */ = {
			isa = XCBuildConfiguration;
			baseConfigurationReference = 926BEA45BCAFFF037937D100 /* Pods-Events.debug.xcconfig */;
			buildSettings = {
				ASSETCATALOG_COMPILER_APPICON_NAME = AppIcon;
				CODE_SIGN_STYLE = Automatic;
				DEVELOPMENT_TEAM = PF72V5DW9Y;
				INFOPLIST_FILE = Events/Info.plist;
				IPHONEOS_DEPLOYMENT_TARGET = 11.0;
				LD_RUNPATH_SEARCH_PATHS = (
					"$(inherited)",
					"@executable_path/Frameworks",
				);
				PRODUCT_BUNDLE_IDENTIFIER = iTechArtGroup.Events;
				PRODUCT_NAME = "$(TARGET_NAME)";
				SWIFT_VERSION = 5.0;
				TARGETED_DEVICE_FAMILY = 1;
			};
			name = Debug;
		};
		BE1628AA238EADD800CB3E99 /* Release */ = {
			isa = XCBuildConfiguration;
			baseConfigurationReference = 4CE43E81F552578BA912D97A /* Pods-Events.release.xcconfig */;
			buildSettings = {
				ASSETCATALOG_COMPILER_APPICON_NAME = AppIcon;
				CODE_SIGN_STYLE = Automatic;
				DEVELOPMENT_TEAM = PF72V5DW9Y;
				INFOPLIST_FILE = Events/Info.plist;
				IPHONEOS_DEPLOYMENT_TARGET = 11.0;
				LD_RUNPATH_SEARCH_PATHS = (
					"$(inherited)",
					"@executable_path/Frameworks",
				);
				PRODUCT_BUNDLE_IDENTIFIER = iTechArtGroup.Events;
				PRODUCT_NAME = "$(TARGET_NAME)";
				SWIFT_VERSION = 5.0;
				TARGETED_DEVICE_FAMILY = 1;
			};
			name = Release;
		};
		BE1628AC238EADD800CB3E99 /* Debug */ = {
			isa = XCBuildConfiguration;
			baseConfigurationReference = 661D35550E6FDD44F4BB6CA8 /* Pods-EventsTests.debug.xcconfig */;
			buildSettings = {
				ALWAYS_EMBED_SWIFT_STANDARD_LIBRARIES = "$(inherited)";
				BUNDLE_LOADER = "$(TEST_HOST)";
				CODE_SIGN_STYLE = Automatic;
				DEVELOPMENT_TEAM = PF72V5DW9Y;
				INFOPLIST_FILE = EventsTests/Info.plist;
				IPHONEOS_DEPLOYMENT_TARGET = 13.0;
				LD_RUNPATH_SEARCH_PATHS = (
					"$(inherited)",
					"@executable_path/Frameworks",
					"@loader_path/Frameworks",
				);
				PRODUCT_BUNDLE_IDENTIFIER = iTechArtGroup.EventsTests;
				PRODUCT_NAME = "$(TARGET_NAME)";
				SWIFT_VERSION = 5.0;
				TARGETED_DEVICE_FAMILY = "1,2";
				TEST_HOST = "$(BUILT_PRODUCTS_DIR)/Events.app/Events";
			};
			name = Debug;
		};
		BE1628AD238EADD800CB3E99 /* Release */ = {
			isa = XCBuildConfiguration;
			baseConfigurationReference = FF0FBA7EA6D8CF0343BC36AC /* Pods-EventsTests.release.xcconfig */;
			buildSettings = {
				ALWAYS_EMBED_SWIFT_STANDARD_LIBRARIES = "$(inherited)";
				BUNDLE_LOADER = "$(TEST_HOST)";
				CODE_SIGN_STYLE = Automatic;
				DEVELOPMENT_TEAM = PF72V5DW9Y;
				INFOPLIST_FILE = EventsTests/Info.plist;
				IPHONEOS_DEPLOYMENT_TARGET = 13.0;
				LD_RUNPATH_SEARCH_PATHS = (
					"$(inherited)",
					"@executable_path/Frameworks",
					"@loader_path/Frameworks",
				);
				PRODUCT_BUNDLE_IDENTIFIER = iTechArtGroup.EventsTests;
				PRODUCT_NAME = "$(TARGET_NAME)";
				SWIFT_VERSION = 5.0;
				TARGETED_DEVICE_FAMILY = "1,2";
				TEST_HOST = "$(BUILT_PRODUCTS_DIR)/Events.app/Events";
			};
			name = Release;
		};
/* End XCBuildConfiguration section */

/* Begin XCConfigurationList section */
		BE162884238EADD700CB3E99 /* Build configuration list for PBXProject "Events" */ = {
			isa = XCConfigurationList;
			buildConfigurations = (
				BE1628A6238EADD800CB3E99 /* Debug */,
				BE1628A7238EADD800CB3E99 /* Release */,
			);
			defaultConfigurationIsVisible = 0;
			defaultConfigurationName = Release;
		};
		BE1628A8238EADD800CB3E99 /* Build configuration list for PBXNativeTarget "Events" */ = {
			isa = XCConfigurationList;
			buildConfigurations = (
				BE1628A9238EADD800CB3E99 /* Debug */,
				BE1628AA238EADD800CB3E99 /* Release */,
			);
			defaultConfigurationIsVisible = 0;
			defaultConfigurationName = Release;
		};
		BE1628AB238EADD800CB3E99 /* Build configuration list for PBXNativeTarget "EventsTests" */ = {
			isa = XCConfigurationList;
			buildConfigurations = (
				BE1628AC238EADD800CB3E99 /* Debug */,
				BE1628AD238EADD800CB3E99 /* Release */,
			);
			defaultConfigurationIsVisible = 0;
			defaultConfigurationName = Release;
		};
/* End XCConfigurationList section */
	};
	rootObject = BE162881238EADD700CB3E99 /* Project object */;
}
